
Microsoft Visual Studio Solution File, Format Version 12.00
# Visual Studio Version 17
VisualStudioVersion = 17.9.34902.65
MinimumVisualStudioVersion = 10.0.40219.1
Project("{FAE04EC0-301F-11D3-BF4B-00C04F79EFBC}") = "06-xamarin4700154", "06-xamarin4700154\06-xamarin4700154.csproj", "{D8194504-61D0-4D8D-A58F-1B6AA986523D}"
EndProject
Global
	GlobalSection(SolutionConfigurationPlatforms) = preSolution
		Debug|Any CPU = Debug|Any CPU
		Release|Any CPU = Release|Any CPU
	EndGlobalSection
	GlobalSection(ProjectConfigurationPlatforms) = postSolution
		{D8194504-61D0-4D8D-A58F-1B6AA986523D}.Debug|Any CPU.ActiveCfg = Debug|Any CPU
		{D8194504-61D0-4D8D-A58F-1B6AA986523D}.Debug|Any CPU.Build.0 = Debug|Any CPU
		{D8194504-61D0-4D8D-A58F-1B6AA986523D}.Debug|Any CPU.Deploy.0 = Debug|Any CPU
		{D8194504-61D0-4D8D-A58F-1B6AA986523D}.Release|Any CPU.ActiveCfg = Release|Any CPU
		{D8194504-61D0-4D8D-A58F-1B6AA986523D}.Release|Any CPU.Build.0 = Release|Any CPU
		{D8194504-61D0-4D8D-A58F-1B6AA986523D}.Release|Any CPU.Deploy.0 = Release|Any CPU
	EndGlobalSection
	GlobalSection(SolutionProperties) = preSolution
		HideSolutionNode = FALSE
	EndGlobalSection
	GlobalSection(ExtensibilityGlobals) = postSolution
		SolutionGuid = {9FADF130-A89D-4E9F-9392-D36C8CA6B3A9}
	EndGlobalSection
EndGlobal
